{
    "_readme": [
        "This file locks the dependencies of your project to a known state",
        "Read more about it at https://getcomposer.org/doc/01-basic-usage.md#installing-dependencies",
        "This file is @generated automatically"
    ],
    "content-hash": "c8b2347cd5c92c066a2d186ec2b6c936",
    "packages": [
        {
            "name": "bower-asset/jquery",
            "version": "3.6.4",
            "source": {
                "type": "git",
                "url": "git@github.com:jquery/jquery-dist.git",
                "reference": "91ef2d8836342875f2519b5815197ea0f23613cf"
            },
            "dist": {
                "type": "zip",
                "url": "https://api.github.com/repos/jquery/jquery-dist/zipball/91ef2d8836342875f2519b5815197ea0f23613cf",
                "reference": "91ef2d8836342875f2519b5815197ea0f23613cf"
            },
            "type": "bower-asset",
            "license": [
                "MIT"
            ]
        }
    ],
    "packages-dev": [],
    "aliases": [],
    "minimum-stability": "stable",
    "stability-flags": {},
    "prefer-stable": false,
    "prefer-lowest": false,
    "platform": {},
    "platform-dev": {},
    "plugin-api-version": "2.9.0"
}
